// !$*UTF8*$!
{
	archiveVersion = 1;
	classes = {
	};
	objectVersion = 50;
	objects = {

/* Begin PBXBuildFile section */
		8505927E21B1613900372174 /* StudentLoc.swift in Sources */ = {isa = PBXBuildFile; fileRef = 8505927D21B1613900372174 /* StudentLoc.swift */; };
		85256DC421A90BB50025AE1D /* AppDelegate.swift in Sources */ = {isa = PBXBuildFile; fileRef = 85256DC321A90BB50025AE1D /* AppDelegate.swift */; };
		85256DC621A90BB50025AE1D /* LoginVC.swift in Sources */ = {isa = PBXBuildFile; fileRef = 85256DC521A90BB50025AE1D /* LoginVC.swift */; };
		85256DCB21A90BBC0025AE1D /* Assets.xcassets in Resources */ = {isa = PBXBuildFile; fileRef = 85256DCA21A90BBC0025AE1D /* Assets.xcassets */; };
		85CF842B21A91E2500B2A17B /* LaunchScreen.storyboard in Resources */ = {isa = PBXBuildFile; fileRef = 85CF842A21A91E2400B2A17B /* LaunchScreen.storyboard */; };
		85CF842E21A9230300B2A17B /* extensions.swift in Sources */ = {isa = PBXBuildFile; fileRef = 85CF842D21A9230300B2A17B /* extensions.swift */; };
		85CF843021A97AAF00B2A17B /* main.storyboard in Resources */ = {isa = PBXBuildFile; fileRef = 85CF842F21A97AAF00B2A17B /* main.storyboard */; };
		85CF843221A9A18400B2A17B /* MapVC.swift in Sources */ = {isa = PBXBuildFile; fileRef = 85CF843121A9A18400B2A17B /* MapVC.swift */; };
		85CF843421A9A1D300B2A17B /* MapListVC.swift in Sources */ = {isa = PBXBuildFile; fileRef = 85CF843321A9A1D300B2A17B /* MapListVC.swift */; };
		85CF843721A9ADC900B2A17B /* Auth.swift in Sources */ = {isa = PBXBuildFile; fileRef = 85CF843621A9ADC900B2A17B /* Auth.swift */; };
		85CF843921A9E07900B2A17B /* HttpRequest.swift in Sources */ = {isa = PBXBuildFile; fileRef = 85CF843821A9E07900B2A17B /* HttpRequest.swift */; };
		85CF843B21ADB9DB00B2A17B /* Constants.swift in Sources */ = {isa = PBXBuildFile; fileRef = 85CF843A21ADB9DB00B2A17B /* Constants.swift */; };
		85CF843D21ADBEA800B2A17B /* Codables.swift in Sources */ = {isa = PBXBuildFile; fileRef = 85CF843C21ADBEA800B2A17B /* Codables.swift */; };
/* End PBXBuildFile section */

/* Begin PBXFileReference section */
		8505927D21B1613900372174 /* StudentLoc.swift */ = {isa = PBXFileReference; lastKnownFileType = sourcecode.swift; path = StudentLoc.swift; sourceTree = "<group>"; };
		85256DC021A90BB50025AE1D /* onTheMap.app */ = {isa = PBXFileReference; explicitFileType = wrapper.application; includeInIndex = 0; path = onTheMap.app; sourceTree = BUILT_PRODUCTS_DIR; };
		85256DC321A90BB50025AE1D /* AppDelegate.swift */ = {isa = PBXFileReference; lastKnownFileType = sourcecode.swift; path = AppDelegate.swift; sourceTree = "<group>"; };
		85256DC521A90BB50025AE1D /* LoginVC.swift */ = {isa = PBXFileReference; lastKnownFileType = sourcecode.swift; path = LoginVC.swift; sourceTree = "<group>"; };
		85256DCA21A90BBC0025AE1D /* Assets.xcassets */ = {isa = PBXFileReference; lastKnownFileType = folder.assetcatalog; path = Assets.xcassets; sourceTree = "<group>"; };
		85256DCF21A90BBC0025AE1D /* Info.plist */ = {isa = PBXFileReference; lastKnownFileType = text.plist.xml; path = Info.plist; sourceTree = "<group>"; };
		85CF842A21A91E2400B2A17B /* LaunchScreen.storyboard */ = {isa = PBXFileReference; fileEncoding = 4; lastKnownFileType = file.storyboard; path = LaunchScreen.storyboard; sourceTree = "<group>"; };
		85CF842D21A9230300B2A17B /* extensions.swift */ = {isa = PBXFileReference; lastKnownFileType = sourcecode.swift; path = extensions.swift; sourceTree = "<group>"; };
		85CF842F21A97AAF00B2A17B /* main.storyboard */ = {isa = PBXFileReference; lastKnownFileType = file.storyboard; path = main.storyboard; sourceTree = "<group>"; };
		85CF843121A9A18400B2A17B /* MapVC.swift */ = {isa = PBXFileReference; lastKnownFileType = sourcecode.swift; path = MapVC.swift; sourceTree = "<group>"; };
		85CF843321A9A1D300B2A17B /* MapListVC.swift */ = {isa = PBXFileReference; lastKnownFileType = sourcecode.swift; path = MapListVC.swift; sourceTree = "<group>"; };
		85CF843621A9ADC900B2A17B /* Auth.swift */ = {isa = PBXFileReference; lastKnownFileType = sourcecode.swift; path = Auth.swift; sourceTree = "<group>"; };
		85CF843821A9E07900B2A17B /* HttpRequest.swift */ = {isa = PBXFileReference; lastKnownFileType = sourcecode.swift; path = HttpRequest.swift; sourceTree = "<group>"; };
		85CF843A21ADB9DB00B2A17B /* Constants.swift */ = {isa = PBXFileReference; lastKnownFileType = sourcecode.swift; path = Constants.swift; sourceTree = "<group>"; };
		85CF843C21ADBEA800B2A17B /* Codables.swift */ = {isa = PBXFileReference; lastKnownFileType = sourcecode.swift; path = Codables.swift; sourceTree = "<group>"; };
/* End PBXFileReference section */

/* Begin PBXFrameworksBuildPhase section */
		85256DBD21A90BB50025AE1D /* Frameworks */ = {
			isa = PBXFrameworksBuildPhase;
			buildActionMask = 2147483647;
			files = (
			);
			runOnlyForDeploymentPostprocessing = 0;
		};
/* End PBXFrameworksBuildPhase section */

/* Begin PBXGroup section */
		85256DB721A90BB50025AE1D = {
			isa = PBXGroup;
			children = (
				85256DC221A90BB50025AE1D /* onTheMap */,
				85256DC121A90BB50025AE1D /* Products */,
			);
			sourceTree = "<group>";
		};
		85256DC121A90BB50025AE1D /* Products */ = {
			isa = PBXGroup;
			children = (
				85256DC021A90BB50025AE1D /* onTheMap.app */,
			);
			name = Products;
			sourceTree = "<group>";
		};
		85256DC221A90BB50025AE1D /* onTheMap */ = {
			isa = PBXGroup;
			children = (
				85CF842C21A922E600B2A17B /* Helpers */,
				85256DD721A90D020025AE1D /* Models */,
				85256DD621A90CE70025AE1D /* Controllers */,
				85256DD521A90CDD0025AE1D /* Views */,
				85256DC321A90BB50025AE1D /* AppDelegate.swift */,
				85256DCA21A90BBC0025AE1D /* Assets.xcassets */,
				85256DCF21A90BBC0025AE1D /* Info.plist */,
			);
			path = onTheMap;
			sourceTree = "<group>";
		};
		85256DD521A90CDD0025AE1D /* Views */ = {
			isa = PBXGroup;
			children = (
				85CF842A21A91E2400B2A17B /* LaunchScreen.storyboard */,
				85CF842F21A97AAF00B2A17B /* main.storyboard */,
			);
			path = Views;
			sourceTree = "<group>";
		};
		85256DD621A90CE70025AE1D /* Controllers */ = {
			isa = PBXGroup;
			children = (
				85256DC521A90BB50025AE1D /* LoginVC.swift */,
				85CF843121A9A18400B2A17B /* MapVC.swift */,
				85CF843321A9A1D300B2A17B /* MapListVC.swift */,
			);
			path = Controllers;
			sourceTree = "<group>";
		};
		85256DD721A90D020025AE1D /* Models */ = {
			isa = PBXGroup;
			children = (
				85CF843621A9ADC900B2A17B /* Auth.swift */,
				8505927D21B1613900372174 /* StudentLoc.swift */,
			);
			path = Models;
			sourceTree = "<group>";
		};
		85CF842C21A922E600B2A17B /* Helpers */ = {
			isa = PBXGroup;
			children = (
				85CF842D21A9230300B2A17B /* extensions.swift */,
				85CF843821A9E07900B2A17B /* HttpRequest.swift */,
				85CF843A21ADB9DB00B2A17B /* Constants.swift */,
				85CF843C21ADBEA800B2A17B /* Codables.swift */,
			);
			path = Helpers;
			sourceTree = "<group>";
		};
/* End PBXGroup section */

/* Begin PBXNativeTarget section */
		85256DBF21A90BB50025AE1D /* onTheMap */ = {
			isa = PBXNativeTarget;
			buildConfigurationList = 85256DD221A90BBC0025AE1D /* Build configuration list for PBXNativeTarget "onTheMap" */;
			buildPhases = (
				85256DBC21A90BB50025AE1D /* Sources */,
				85256DBD21A90BB50025AE1D /* Frameworks */,
				85256DBE21A90BB50025AE1D /* Resources */,
			);
			buildRules = (
			);
			dependencies = (
			);
			name = onTheMap;
			productName = onTheMap;
			productReference = 85256DC021A90BB50025AE1D /* onTheMap.app */;
			productType = "com.apple.product-type.application";
		};
/* End PBXNativeTarget section */

/* Begin PBXProject section */
		85256DB821A90BB50025AE1D /* Project object */ = {
			isa = PBXProject;
			attributes = {
				LastSwiftUpdateCheck = 1010;
				LastUpgradeCheck = 1010;
				ORGANIZATIONNAME = tam;
				TargetAttributes = {
					85256DBF21A90BB50025AE1D = {
						CreatedOnToolsVersion = 10.1;
					};
				};
			};
			buildConfigurationList = 85256DBB21A90BB50025AE1D /* Build configuration list for PBXProject "onTheMap" */;
			compatibilityVersion = "Xcode 9.3";
			developmentRegion = en;
			hasScannedForEncodings = 0;
			knownRegions = (
				en,
				Base,
			);
			mainGroup = 85256DB721A90BB50025AE1D;
			productRefGroup = 85256DC121A90BB50025AE1D /* Products */;
			projectDirPath = "";
			projectRoot = "";
			targets = (
				85256DBF21A90BB50025AE1D /* onTheMap */,
			);
		};
/* End PBXProject section */

/* Begin PBXResourcesBuildPhase section */
		85256DBE21A90BB50025AE1D /* Resources */ = {
			isa = PBXResourcesBuildPhase;
			buildActionMask = 2147483647;
			files = (
				85256DCB21A90BBC0025AE1D /* Assets.xcassets in Resources */,
				85CF843021A97AAF00B2A17B /* main.storyboard in Resources */,
				85CF842B21A91E2500B2A17B /* LaunchScreen.storyboard in Resources */,
			);
			runOnlyForDeploymentPostprocessing = 0;
		};
/* End PBXResourcesBuildPhase section */

/* Begin PBXSourcesBuildPhase section */
		85256DBC21A90BB50025AE1D /* Sources */ = {
			isa = PBXSourcesBuildPhase;
			buildActionMask = 2147483647;
			files = (
				85256DC621A90BB50025AE1D /* LoginVC.swift in Sources */,
				85CF843221A9A18400B2A17B /* MapVC.swift in Sources */,
				85256DC421A90BB50025AE1D /* AppDelegate.swift in Sources */,
				85CF843421A9A1D300B2A17B /* MapListVC.swift in Sources */,
				8505927E21B1613900372174 /* StudentLoc.swift in Sources */,
				85CF843D21ADBEA800B2A17B /* Codables.swift in Sources */,
				85CF842E21A9230300B2A17B /* extensions.swift in Sources */,
				85CF843921A9E07900B2A17B /* HttpRequest.swift in Sources */,
				85CF843721A9ADC900B2A17B /* Auth.swift in Sources */,
				85CF843B21ADB9DB00B2A17B /* Constants.swift in Sources */,
			);
			runOnlyForDeploymentPostprocessing = 0;
		};
/* End PBXSourcesBuildPhase section */

/* Begin XCBuildConfiguration section */
		85256DD021A90BBC0025AE1D /* Debug */ = {
			isa = XCBuildConfiguration;
			buildSettings = {
				ALWAYS_SEARCH_USER_PATHS = NO;
				CLANG_ANALYZER_NONNULL = YES;
				CLANG_ANALYZER_NUMBER_OBJECT_CONVERSION = YES_AGGRESSIVE;
				CLANG_CXX_LANGUAGE_STANDARD = "gnu++14";
				CLANG_CXX_LIBRARY = "libc++";
				CLANG_ENABLE_MODULES = YES;
				CLANG_ENABLE_OBJC_ARC = YES;
				CLANG_ENABLE_OBJC_WEAK = YES;
				CLANG_WARN_BLOCK_CAPTURE_AUTORELEASING = YES;
				CLANG_WARN_BOOL_CONVERSION = YES;
				CLANG_WARN_COMMA = YES;
				CLANG_WARN_CONSTANT_CONVERSION = YES;
				CLANG_WARN_DEPRECATED_OBJC_IMPLEMENTATIONS = YES;
				CLANG_WARN_DIRECT_OBJC_ISA_USAGE = YES_ERROR;
				CLANG_WARN_DOCUMENTATION_COMMENTS = YES;
				CLANG_WARN_EMPTY_BODY = YES;
				CLANG_WARN_ENUM_CONVERSION = YES;
				CLANG_WARN_INFINITE_RECURSION = YES;
				CLANG_WARN_INT_CONVERSION = YES;
				CLANG_WARN_NON_LITERAL_NULL_CONVERSION = YES;
				CLANG_WARN_OBJC_IMPLICIT_RETAIN_SELF = YES;
				CLANG_WARN_OBJC_LITERAL_CONVERSION = YES;
				CLANG_WARN_OBJC_ROOT_CLASS = YES_ERROR;
				CLANG_WARN_RANGE_LOOP_ANALYSIS = YES;
				CLANG_WARN_STRICT_PROTOTYPES = YES;
				CLANG_WARN_SUSPICIOUS_MOVE = YES;
				CLANG_WARN_UNGUARDED_AVAILABILITY = YES_AGGRESSIVE;
				CLANG_WARN_UNREACHABLE_CODE = YES;
				CLANG_WARN__DUPLICATE_METHOD_MATCH = YES;
				CODE_SIGN_IDENTITY = "iPhone Developer";
				COPY_PHASE_STRIP = NO;
				DEBUG_INFORMATION_FORMAT = dwarf;
				ENABLE_STRICT_OBJC_MSGSEND = YES;
				ENABLE_TESTABILITY = YES;
				GCC_C_LANGUAGE_STANDARD = gnu11;
				GCC_DYNAMIC_NO_PIC = NO;
				GCC_NO_COMMON_BLOCKS = YES;
				GCC_OPTIMIZATION_LEVEL = 0;
				GCC_PREPROCESSOR_DEFINITIONS = (
					"DEBUG=1",
					"$(inherited)",
				);
				GCC_WARN_64_TO_32_BIT_CONVERSION = YES;
				GCC_WARN_ABOUT_RETURN_TYPE = YES_ERROR;
				GCC_WARN_UNDECLARED_SELECTOR = YES;
				GCC_WARN_UNINITIALIZED_AUTOS = YES_AGGRESSIVE;
				GCC_WARN_UNUSED_FUNCTION = YES;
				GCC_WARN_UNUSED_VARIABLE = YES;
				IPHONEOS_DEPLOYMENT_TARGET = 12.1;
				MTL_ENABLE_DEBUG_INFO = INCLUDE_SOURCE;
				MTL_FAST_MATH = YES;
				ONLY_ACTIVE_ARCH = YES;
				SDKROOT = iphoneos;
				SWIFT_ACTIVE_COMPILATION_CONDITIONS = DEBUG;
				SWIFT_OPTIMIZATION_LEVEL = "-Onone";
			};
			name = Debug;
		};
		85256DD121A90BBC0025AE1D /* Release */ = {
			isa = XCBuildConfiguration;
			buildSettings = {
				ALWAYS_SEARCH_USER_PATHS = NO;
				CLANG_ANALYZER_NONNULL = YES;
				CLANG_ANALYZER_NUMBER_OBJECT_CONVERSION = YES_AGGRESSIVE;
				CLANG_CXX_LANGUAGE_STANDARD = "gnu++14";
				CLANG_CXX_LIBRARY = "libc++";
				CLANG_ENABLE_MODULES = YES;
				CLANG_ENABLE_OBJC_ARC = YES;
				CLANG_ENABLE_OBJC_WEAK = YES;
				CLANG_WARN_BLOCK_CAPTURE_AUTORELEASING = YES;
				CLANG_WARN_BOOL_CONVERSION = YES;
				CLANG_WARN_COMMA = YES;
				CLANG_WARN_CONSTANT_CONVERSION = YES;
				CLANG_WARN_DEPRECATED_OBJC_IMPLEMENTATIONS = YES;
				CLANG_WARN_DIRECT_OBJC_ISA_USAGE = YES_ERROR;
				CLANG_WARN_DOCUMENTATION_COMMENTS = YES;
				CLANG_WARN_EMPTY_BODY = YES;
				CLANG_WARN_ENUM_CONVERSION = YES;
				CLANG_WARN_INFINITE_RECURSION = YES;
				CLANG_WARN_INT_CONVERSION = YES;
				CLANG_WARN_NON_LITERAL_NULL_CONVERSION = YES;
				CLANG_WARN_OBJC_IMPLICIT_RETAIN_SELF = YES;
				CLANG_WARN_OBJC_LITERAL_CONVERSION = YES;
				CLANG_WARN_OBJC_ROOT_CLASS = YES_ERROR;
				CLANG_WARN_RANGE_LOOP_ANALYSIS = YES;
				CLANG_WARN_STRICT_PROTOTYPES = YES;
				CLANG_WARN_SUSPICIOUS_MOVE = YES;
				CLANG_WARN_UNGUARDED_AVAILABILITY = YES_AGGRESSIVE;
				CLANG_WARN_UNREACHABLE_CODE = YES;
				CLANG_WARN__DUPLICATE_METHOD_MATCH = YES;
				CODE_SIGN_IDENTITY = "iPhone Developer";
				COPY_PHASE_STRIP = NO;
				DEBUG_INFORMATION_FORMAT = "dwarf-with-dsym";
				ENABLE_NS_ASSERTIONS = NO;
				ENABLE_STRICT_OBJC_MSGSEND = YES;
				GCC_C_LANGUAGE_STANDARD = gnu11;
				GCC_NO_COMMON_BLOCKS = YES;
				GCC_WARN_64_TO_32_BIT_CONVERSION = YES;
				GCC_WARN_ABOUT_RETURN_TYPE = YES_ERROR;
				GCC_WARN_UNDECLARED_SELECTOR = YES;
				GCC_WARN_UNINITIALIZED_AUTOS = YES_AGGRESSIVE;
				GCC_WARN_UNUSED_FUNCTION = YES;
				GCC_WARN_UNUSED_VARIABLE = YES;
				IPHONEOS_DEPLOYMENT_TARGET = 12.1;
				MTL_ENABLE_DEBUG_INFO = NO;
				MTL_FAST_MATH = YES;
				SDKROOT = iphoneos;
				SWIFT_COMPILATION_MODE = wholemodule;
				SWIFT_OPTIMIZATION_LEVEL = "-O";
				VALIDATE_PRODUCT = YES;
			};
			name = Release;
		};
		85256DD321A90BBC0025AE1D /* Debug */ = {
			isa = XCBuildConfiguration;
			buildSettings = {
				CODE_SIGN_STYLE = Automatic;
				DEVELOPMENT_TEAM = 7U476A9WC6;
				INFOPLIST_FILE = onTheMap/Info.plist;
				LD_RUNPATH_SEARCH_PATHS = (
					"$(inherited)",
					"@executable_path/Frameworks",
				);
				PRODUCT_BUNDLE_IDENTIFIER = com.tam.onTheMap;
				PRODUCT_NAME = "$(TARGET_NAME)";
				SWIFT_VERSION = 4.2;
				TARGETED_DEVICE_FAMILY = "1,2";
			};
			name = Debug;
		};
		85256DD421A90BBC0025AE1D /* Release */ = {
			isa = XCBuildConfiguration;
			buildSettings = {
				CODE_SIGN_STYLE = Automatic;
				DEVELOPMENT_TEAM = 7U476A9WC6;
				INFOPLIST_FILE = onTheMap/Info.plist;
				LD_RUNPATH_SEARCH_PATHS = (
					"$(inherited)",
					"@executable_path/Frameworks",
				);
				PRODUCT_BUNDLE_IDENTIFIER = com.tam.onTheMap;
				PRODUCT_NAME = "$(TARGET_NAME)";
				SWIFT_VERSION = 4.2;
				TARGETED_DEVICE_FAMILY = "1,2";
			};
			name = Release;
		};
/* End XCBuildConfiguration section */

/* Begin XCConfigurationList section */
		85256DBB21A90BB50025AE1D /* Build configuration list for PBXProject "onTheMap" */ = {
			isa = XCConfigurationList;
			buildConfigurations = (
				85256DD021A90BBC0025AE1D /* Debug */,
				85256DD121A90BBC0025AE1D /* Release */,
			);
			defaultConfigurationIsVisible = 0;
			defaultConfigurationName = Release;
		};
		85256DD221A90BBC0025AE1D /* Build configuration list for PBXNativeTarget "onTheMap" */ = {
			isa = XCConfigurationList;
			buildConfigurations = (
				85256DD321A90BBC0025AE1D /* Debug */,
				85256DD421A90BBC0025AE1D /* Release */,
			);
			defaultConfigurationIsVisible = 0;
			defaultConfigurationName = Release;
		};
/* End XCConfigurationList section */
	};
	rootObject = 85256DB821A90BB50025AE1D /* Project object */;
}
